
Microsoft Visual Studio Solution File, Format Version 12.00
# Visual Studio Version 17
VisualStudioVersion = 17.0.31611.283
MinimumVisualStudioVersion = 10.0.40219.1
Project("{9A19103F-16F7-4668-BE54-9A1E7A4F7556}") = "MauiApp1", "MauiApp1\MauiApp1.csproj", "{3550E5CC-6A2A-44B0-BB7D-871291B3E7ED}"
EndProject
Project("{9A19103F-16F7-4668-BE54-9A1E7A4F7556}") = "TodoAPI", "TodoAPI\TodoAPI.csproj", "{157363CE-EBCF-4C0C-8DC2-BA6114E5D814}"
EndProject
Global
	GlobalSection(SolutionConfigurationPlatforms) = preSolution
		Debug|Any CPU = Debug|Any CPU
		Release|Any CPU = Release|Any CPU
	EndGlobalSection
	GlobalSection(ProjectConfigurationPlatforms) = postSolution
		{3550E5CC-6A2A-44B0-BB7D-871291B3E7ED}.Debug|Any CPU.ActiveCfg = Debug|Any CPU
		{3550E5CC-6A2A-44B0-BB7D-871291B3E7ED}.Debug|Any CPU.Build.0 = Debug|Any CPU
		{3550E5CC-6A2A-44B0-BB7D-871291B3E7ED}.Debug|Any CPU.Deploy.0 = Debug|Any CPU
		{3550E5CC-6A2A-44B0-BB7D-871291B3E7ED}.Release|Any CPU.ActiveCfg = Release|Any CPU
		{3550E5CC-6A2A-44B0-BB7D-871291B3E7ED}.Release|Any CPU.Build.0 = Release|Any CPU
		{3550E5CC-6A2A-44B0-BB7D-871291B3E7ED}.Release|Any CPU.Deploy.0 = Release|Any CPU
		{157363CE-EBCF-4C0C-8DC2-BA6114E5D814}.Debug|Any CPU.ActiveCfg = Debug|Any CPU
		{157363CE-EBCF-4C0C-8DC2-BA6114E5D814}.Debug|Any CPU.Build.0 = Debug|Any CPU
		{157363CE-EBCF-4C0C-8DC2-BA6114E5D814}.Release|Any CPU.ActiveCfg = Release|Any CPU
		{157363CE-EBCF-4C0C-8DC2-BA6114E5D814}.Release|Any CPU.Build.0 = Release|Any CPU
	EndGlobalSection
	GlobalSection(SolutionProperties) = preSolution
		HideSolutionNode = FALSE
	EndGlobalSection
	GlobalSection(ExtensibilityGlobals) = postSolution
		SolutionGuid = {61F7FB11-1E47-470C-91E2-47F8143E1572}
	EndGlobalSection
EndGlobal
